
Microsoft Visual Studio Solution File, Format Version 12.00
# Visual Studio Version 16
VisualStudioVersion = 16.0.30907.101
MinimumVisualStudioVersion = 10.0.40219.1
Project("{FAE04EC0-301F-11D3-BF4B-00C04F79EFBC}") = "BackenAPI", "BackendAPI/BackendAPI.csproj", "{CCE06533-B951-4147-B890-3F268460B2F7}"
EndProject
Global
	GlobalSection(SolutionConfigurationPlatforms) = preSolution
		Debug|Any CPU = Debug|Any CPU
		Release|Any CPU = Release|Any CPU
	EndGlobalSection
	GlobalSection(ProjectConfigurationPlatforms) = postSolution
		{CCE06533-B951-4147-B890-3F268460B2F7}.Debug|Any CPU.ActiveCfg = Debug|Any CPU
		{CCE06533-B951-4147-B890-3F268460B2F7}.Debug|Any CPU.Build.0 = Debug|Any CPU
		{CCE06533-B951-4147-B890-3F268460B2F7}.Release|Any CPU.ActiveCfg = Release|Any CPU
		{CCE06533-B951-4147-B890-3F268460B2F7}.Release|Any CPU.Build.0 = Release|Any CPU
	EndGlobalSection
	GlobalSection(SolutionProperties) = preSolution
		HideSolutionNode = FALSE
	EndGlobalSection
	GlobalSection(ExtensibilityGlobals) = postSolution
		SolutionGuid = {09960F7D-D03E-4A38-94C4-0AB8C28681D3}
	EndGlobalSection
EndGlobal
